
Microsoft Visual Studio Solution File, Format Version 12.00
# Visual Studio 2012
Project("{FAE04EC0-301F-11D3-BF4B-00C04F79EFBC}") = "Library.Core", "Library.Core\Library.Core.csproj", "{07EF1CF4-0C7D-442A-941A-84B149209375}"
EndProject
Project("{FAE04EC0-301F-11D3-BF4B-00C04F79EFBC}") = "Library.App", "Library.App\Library.App.csproj", "{6B63EDD7-7613-46C6-AFDF-0903BEBDD185}"
EndProject
Global
	GlobalSection(SolutionConfigurationPlatforms) = preSolution
		Debug|Any CPU = Debug|Any CPU
		Release|Any CPU = Release|Any CPU
	EndGlobalSection
	GlobalSection(ProjectConfigurationPlatforms) = postSolution
		{07EF1CF4-0C7D-442A-941A-84B149209375}.Debug|Any CPU.ActiveCfg = Debug|Any CPU
		{07EF1CF4-0C7D-442A-941A-84B149209375}.Debug|Any CPU.Build.0 = Debug|Any CPU
		{07EF1CF4-0C7D-442A-941A-84B149209375}.Release|Any CPU.ActiveCfg = Release|Any CPU
		{07EF1CF4-0C7D-442A-941A-84B149209375}.Release|Any CPU.Build.0 = Release|Any CPU
		{6B63EDD7-7613-46C6-AFDF-0903BEBDD185}.Debug|Any CPU.ActiveCfg = Debug|Any CPU
		{6B63EDD7-7613-46C6-AFDF-0903BEBDD185}.Debug|Any CPU.Build.0 = Debug|Any CPU
		{6B63EDD7-7613-46C6-AFDF-0903BEBDD185}.Release|Any CPU.ActiveCfg = Release|Any CPU
		{6B63EDD7-7613-46C6-AFDF-0903BEBDD185}.Release|Any CPU.Build.0 = Release|Any CPU
	EndGlobalSection
	GlobalSection(SolutionProperties) = preSolution
		HideSolutionNode = FALSE
	EndGlobalSection
EndGlobal
